// !$*UTF8*$!
{
	archiveVersion = 1;
	classes = {
	};
	objectVersion = 46;
	objects = {

/* Begin PBXBuildFile section */
		785F0B7F2045678400BDE146 /* SortAlgm.cpp in Sources */ = {isa = PBXBuildFile; fileRef = 785F0B7D2045678400BDE146 /* SortAlgm.cpp */; };
		78784004202A9F510066D8C3 /* LogFile.cpp in Sources */ = {isa = PBXBuildFile; fileRef = 78784000202A9F510066D8C3 /* LogFile.cpp */; };
		78784005202A9F510066D8C3 /* log.cpp in Sources */ = {isa = PBXBuildFile; fileRef = 78784003202A9F510066D8C3 /* log.cpp */; };
		78784008202A9F6F0066D8C3 /* commonutils.cpp in Sources */ = {isa = PBXBuildFile; fileRef = 78784006202A9F6F0066D8C3 /* commonutils.cpp */; };
		78E0A63C1E6D0C0700375AF2 /* main.mm in Sources */ = {isa = PBXBuildFile; fileRef = 78E0A63B1E6D0C0700375AF2 /* main.mm */; };
		78E0A6461E6D0C6F00375AF2 /* BinaryTreeAlgm.cpp in Sources */ = {isa = PBXBuildFile; fileRef = 78E0A6441E6D0C6F00375AF2 /* BinaryTreeAlgm.cpp */; };
/* End PBXBuildFile section */

/* Begin PBXCopyFilesBuildPhase section */
		78E0A6361E6D0C0700375AF2 /* CopyFiles */ = {
			isa = PBXCopyFilesBuildPhase;
			buildActionMask = 2147483647;
			dstPath = /usr/share/man/man1/;
			dstSubfolderSpec = 0;
			files = (
			);
			runOnlyForDeploymentPostprocessing = 1;
		};
/* End PBXCopyFilesBuildPhase section */

/* Begin PBXFileReference section */
		785F0B7D2045678400BDE146 /* SortAlgm.cpp */ = {isa = PBXFileReference; lastKnownFileType = sourcecode.cpp.cpp; path = SortAlgm.cpp; sourceTree = "<group>"; };
		785F0B7E2045678400BDE146 /* SortAlgm.hpp */ = {isa = PBXFileReference; lastKnownFileType = sourcecode.cpp.h; path = SortAlgm.hpp; sourceTree = "<group>"; };
		786D25F01FF33B0A00BDF022 /* Subject.h */ = {isa = PBXFileReference; lastKnownFileType = sourcecode.c.h; path = Subject.h; sourceTree = "<group>"; };
		786D25F11FF33B2B00BDF022 /* Observer.h */ = {isa = PBXFileReference; lastKnownFileType = sourcecode.c.h; path = Observer.h; sourceTree = "<group>"; };
		78783FFD202A9C3E0066D8C3 /* libc++.tbd */ = {isa = PBXFileReference; lastKnownFileType = "sourcecode.text-based-dylib-definition"; name = "libc++.tbd"; path = "usr/lib/libc++.tbd"; sourceTree = SDKROOT; };
		78784000202A9F510066D8C3 /* LogFile.cpp */ = {isa = PBXFileReference; fileEncoding = 4; lastKnownFileType = sourcecode.cpp.cpp; path = LogFile.cpp; sourceTree = "<group>"; };
		78784001202A9F510066D8C3 /* LogFile.h */ = {isa = PBXFileReference; fileEncoding = 4; lastKnownFileType = sourcecode.c.h; path = LogFile.h; sourceTree = "<group>"; };
		78784002202A9F510066D8C3 /* log.h */ = {isa = PBXFileReference; fileEncoding = 4; lastKnownFileType = sourcecode.c.h; path = log.h; sourceTree = "<group>"; };
		78784003202A9F510066D8C3 /* log.cpp */ = {isa = PBXFileReference; fileEncoding = 4; lastKnownFileType = sourcecode.cpp.cpp; path = log.cpp; sourceTree = "<group>"; };
		78784006202A9F6F0066D8C3 /* commonutils.cpp */ = {isa = PBXFileReference; fileEncoding = 4; lastKnownFileType = sourcecode.cpp.cpp; path = commonutils.cpp; sourceTree = "<group>"; };
		78784007202A9F6F0066D8C3 /* commonutils.h */ = {isa = PBXFileReference; fileEncoding = 4; lastKnownFileType = sourcecode.c.h; path = commonutils.h; sourceTree = "<group>"; };
		78E0A6381E6D0C0700375AF2 /* Algorithm */ = {isa = PBXFileReference; explicitFileType = "compiled.mach-o.executable"; includeInIndex = 0; path = Algorithm; sourceTree = BUILT_PRODUCTS_DIR; };
		78E0A63B1E6D0C0700375AF2 /* main.mm */ = {isa = PBXFileReference; lastKnownFileType = sourcecode.cpp.objcpp; path = main.mm; sourceTree = "<group>"; };
		78E0A6441E6D0C6F00375AF2 /* BinaryTreeAlgm.cpp */ = {isa = PBXFileReference; fileEncoding = 4; lastKnownFileType = sourcecode.cpp.cpp; path = BinaryTreeAlgm.cpp; sourceTree = "<group>"; };
		78E0A6451E6D0C6F00375AF2 /* BinaryTreeAlgm.h */ = {isa = PBXFileReference; fileEncoding = 4; lastKnownFileType = sourcecode.c.h; path = BinaryTreeAlgm.h; sourceTree = "<group>"; };
		78ED050622B1366A0037F4FB /* SortReadme.rtf */ = {isa = PBXFileReference; lastKnownFileType = text.rtf; path = SortReadme.rtf; sourceTree = "<group>"; };
		78FCC1051FE6BB57000C7EE2 /* ObserverReadme.rtfd */ = {isa = PBXFileReference; lastKnownFileType = wrapper.rtfd; path = ObserverReadme.rtfd; sourceTree = "<group>"; };
/* End PBXFileReference section */

/* Begin PBXFrameworksBuildPhase section */
		78E0A6351E6D0C0700375AF2 /* Frameworks */ = {
			isa = PBXFrameworksBuildPhase;
			buildActionMask = 2147483647;
			files = (
			);
			runOnlyForDeploymentPostprocessing = 0;
		};
/* End PBXFrameworksBuildPhase section */

/* Begin PBXGroup section */
		784DFD732041161900D2F4F0 /* Sort */ = {
			isa = PBXGroup;
			children = (
				785F0B7E2045678400BDE146 /* SortAlgm.hpp */,
				785F0B7D2045678400BDE146 /* SortAlgm.cpp */,
				78ED050622B1366A0037F4FB /* SortReadme.rtf */,
			);
			path = Sort;
			sourceTree = "<group>";
		};
		78783FFC202A9C3E0066D8C3 /* Frameworks */ = {
			isa = PBXGroup;
			children = (
				78783FFD202A9C3E0066D8C3 /* libc++.tbd */,
			);
			name = Frameworks;
			sourceTree = "<group>";
		};
		78783FFF202A9F130066D8C3 /* Util */ = {
			isa = PBXGroup;
			children = (
				78784006202A9F6F0066D8C3 /* commonutils.cpp */,
				78784007202A9F6F0066D8C3 /* commonutils.h */,
				78784003202A9F510066D8C3 /* log.cpp */,
				78784002202A9F510066D8C3 /* log.h */,
				78784000202A9F510066D8C3 /* LogFile.cpp */,
				78784001202A9F510066D8C3 /* LogFile.h */,
			);
			path = Util;
			sourceTree = "<group>";
		};
		78E0A62F1E6D0C0700375AF2 = {
			isa = PBXGroup;
			children = (
				78E0A63A1E6D0C0700375AF2 /* Algorithm */,
				78E0A6391E6D0C0700375AF2 /* Products */,
				78783FFC202A9C3E0066D8C3 /* Frameworks */,
			);
			sourceTree = "<group>";
		};
		78E0A6391E6D0C0700375AF2 /* Products */ = {
			isa = PBXGroup;
			children = (
				78E0A6381E6D0C0700375AF2 /* Algorithm */,
			);
			name = Products;
			sourceTree = "<group>";
		};
		78E0A63A1E6D0C0700375AF2 /* Algorithm */ = {
			isa = PBXGroup;
			children = (
				78783FFF202A9F130066D8C3 /* Util */,
				78FCC0FD1FE6BA99000C7EE2 /* Design Pattern */,
				784DFD732041161900D2F4F0 /* Sort */,
				78E0A6431E6D0C4900375AF2 /* BinTree */,
				78E0A63B1E6D0C0700375AF2 /* main.mm */,
			);
			path = Algorithm;
			sourceTree = "<group>";
		};
		78E0A6431E6D0C4900375AF2 /* BinTree */ = {
			isa = PBXGroup;
			children = (
				78E0A6451E6D0C6F00375AF2 /* BinaryTreeAlgm.h */,
				78E0A6441E6D0C6F00375AF2 /* BinaryTreeAlgm.cpp */,
			);
			path = BinTree;
			sourceTree = "<group>";
		};
		78FCC0FD1FE6BA99000C7EE2 /* Design Pattern */ = {
			isa = PBXGroup;
			children = (
				78FCC0FE1FE6BABF000C7EE2 /* Observer Pattern */,
			);
			path = "Design Pattern";
			sourceTree = "<group>";
		};
		78FCC0FE1FE6BABF000C7EE2 /* Observer Pattern */ = {
			isa = PBXGroup;
			children = (
				78FCC1051FE6BB57000C7EE2 /* ObserverReadme.rtfd */,
				786D25F01FF33B0A00BDF022 /* Subject.h */,
				786D25F11FF33B2B00BDF022 /* Observer.h */,
			);
			path = "Observer Pattern";
			sourceTree = "<group>";
		};
/* End PBXGroup section */

/* Begin PBXNativeTarget section */
		78E0A6371E6D0C0700375AF2 /* Algorithm */ = {
			isa = PBXNativeTarget;
			buildConfigurationList = 78E0A63F1E6D0C0700375AF2 /* Build configuration list for PBXNativeTarget "Algorithm" */;
			buildPhases = (
				78E0A6341E6D0C0700375AF2 /* Sources */,
				78E0A6351E6D0C0700375AF2 /* Frameworks */,
				78E0A6361E6D0C0700375AF2 /* CopyFiles */,
			);
			buildRules = (
			);
			dependencies = (
			);
			name = Algorithm;
			productName = Algorithm;
			productReference = 78E0A6381E6D0C0700375AF2 /* Algorithm */;
			productType = "com.apple.product-type.tool";
		};
/* End PBXNativeTarget section */

/* Begin PBXProject section */
		78E0A6301E6D0C0700375AF2 /* Project object */ = {
			isa = PBXProject;
			attributes = {
				LastUpgradeCheck = 0820;
				ORGANIZATIONNAME = JFChen;
				TargetAttributes = {
					78E0A6371E6D0C0700375AF2 = {
						CreatedOnToolsVersion = 8.2.1;
						DevelopmentTeam = RUDNP34A78;
						ProvisioningStyle = Automatic;
					};
				};
			};
			buildConfigurationList = 78E0A6331E6D0C0700375AF2 /* Build configuration list for PBXProject "Algorithm" */;
			compatibilityVersion = "Xcode 3.2";
			developmentRegion = English;
			hasScannedForEncodings = 0;
			knownRegions = (
				en,
			);
			mainGroup = 78E0A62F1E6D0C0700375AF2;
			productRefGroup = 78E0A6391E6D0C0700375AF2 /* Products */;
			projectDirPath = "";
			projectRoot = "";
			targets = (
				78E0A6371E6D0C0700375AF2 /* Algorithm */,
			);
		};
/* End PBXProject section */

/* Begin PBXSourcesBuildPhase section */
		78E0A6341E6D0C0700375AF2 /* Sources */ = {
			isa = PBXSourcesBuildPhase;
			buildActionMask = 2147483647;
			files = (
				78E0A63C1E6D0C0700375AF2 /* main.mm in Sources */,
				78E0A6461E6D0C6F00375AF2 /* BinaryTreeAlgm.cpp in Sources */,
				78784005202A9F510066D8C3 /* log.cpp in Sources */,
				78784008202A9F6F0066D8C3 /* commonutils.cpp in Sources */,
				785F0B7F2045678400BDE146 /* SortAlgm.cpp in Sources */,
				78784004202A9F510066D8C3 /* LogFile.cpp in Sources */,
			);
			runOnlyForDeploymentPostprocessing = 0;
		};
/* End PBXSourcesBuildPhase section */

/* Begin XCBuildConfiguration section */
		78E0A63D1E6D0C0700375AF2 /* Debug */ = {
			isa = XCBuildConfiguration;
			buildSettings = {
				ALWAYS_SEARCH_USER_PATHS = NO;
				CLANG_ANALYZER_NONNULL = YES;
				CLANG_CXX_LANGUAGE_STANDARD = "gnu++0x";
				CLANG_CXX_LIBRARY = "libc++";
				CLANG_ENABLE_MODULES = YES;
				CLANG_ENABLE_OBJC_ARC = YES;
				CLANG_WARN_BOOL_CONVERSION = YES;
				CLANG_WARN_CONSTANT_CONVERSION = YES;
				CLANG_WARN_DIRECT_OBJC_ISA_USAGE = YES_ERROR;
				CLANG_WARN_DOCUMENTATION_COMMENTS = YES;
				CLANG_WARN_EMPTY_BODY = YES;
				CLANG_WARN_ENUM_CONVERSION = YES;
				CLANG_WARN_INFINITE_RECURSION = YES;
				CLANG_WARN_INT_CONVERSION = YES;
				CLANG_WARN_OBJC_ROOT_CLASS = YES_ERROR;
				CLANG_WARN_SUSPICIOUS_MOVE = YES;
				CLANG_WARN_UNREACHABLE_CODE = YES;
				CLANG_WARN__DUPLICATE_METHOD_MATCH = YES;
				CODE_SIGN_IDENTITY = "-";
				COPY_PHASE_STRIP = NO;
				DEBUG_INFORMATION_FORMAT = dwarf;
				ENABLE_STRICT_OBJC_MSGSEND = YES;
				ENABLE_TESTABILITY = YES;
				GCC_C_LANGUAGE_STANDARD = gnu99;
				GCC_DYNAMIC_NO_PIC = NO;
				GCC_NO_COMMON_BLOCKS = YES;
				GCC_OPTIMIZATION_LEVEL = 0;
				GCC_PREPROCESSOR_DEFINITIONS = (
					"DEBUG=1",
					"$(inherited)",
				);
				GCC_WARN_64_TO_32_BIT_CONVERSION = YES;
				GCC_WARN_ABOUT_RETURN_TYPE = YES_ERROR;
				GCC_WARN_UNDECLARED_SELECTOR = YES;
				GCC_WARN_UNINITIALIZED_AUTOS = YES_AGGRESSIVE;
				GCC_WARN_UNUSED_FUNCTION = YES;
				GCC_WARN_UNUSED_VARIABLE = YES;
				MACOSX_DEPLOYMENT_TARGET = 10.11;
				MTL_ENABLE_DEBUG_INFO = YES;
				ONLY_ACTIVE_ARCH = YES;
				SDKROOT = macosx;
			};
			name = Debug;
		};
		78E0A63E1E6D0C0700375AF2 /* Release */ = {
			isa = XCBuildConfiguration;
			buildSettings = {
				ALWAYS_SEARCH_USER_PATHS = NO;
				CLANG_ANALYZER_NONNULL = YES;
				CLANG_CXX_LANGUAGE_STANDARD = "gnu++0x";
				CLANG_CXX_LIBRARY = "libc++";
				CLANG_ENABLE_MODULES = YES;
				CLANG_ENABLE_OBJC_ARC = YES;
				CLANG_WARN_BOOL_CONVERSION = YES;
				CLANG_WARN_CONSTANT_CONVERSION = YES;
				CLANG_WARN_DIRECT_OBJC_ISA_USAGE = YES_ERROR;
				CLANG_WARN_DOCUMENTATION_COMMENTS = YES;
				CLANG_WARN_EMPTY_BODY = YES;
				CLANG_WARN_ENUM_CONVERSION = YES;
				CLANG_WARN_INFINITE_RECURSION = YES;
				CLANG_WARN_INT_CONVERSION = YES;
				CLANG_WARN_OBJC_ROOT_CLASS = YES_ERROR;
				CLANG_WARN_SUSPICIOUS_MOVE = YES;
				CLANG_WARN_UNREACHABLE_CODE = YES;
				CLANG_WARN__DUPLICATE_METHOD_MATCH = YES;
				CODE_SIGN_IDENTITY = "-";
				COPY_PHASE_STRIP = NO;
				DEBUG_INFORMATION_FORMAT = "dwarf-with-dsym";
				ENABLE_NS_ASSERTIONS = NO;
				ENABLE_STRICT_OBJC_MSGSEND = YES;
				GCC_C_LANGUAGE_STANDARD = gnu99;
				GCC_NO_COMMON_BLOCKS = YES;
				GCC_WARN_64_TO_32_BIT_CONVERSION = YES;
				GCC_WARN_ABOUT_RETURN_TYPE = YES_ERROR;
				GCC_WARN_UNDECLARED_SELECTOR = YES;
				GCC_WARN_UNINITIALIZED_AUTOS = YES_AGGRESSIVE;
				GCC_WARN_UNUSED_FUNCTION = YES;
				GCC_WARN_UNUSED_VARIABLE = YES;
				MACOSX_DEPLOYMENT_TARGET = 10.11;
				MTL_ENABLE_DEBUG_INFO = NO;
				SDKROOT = macosx;
			};
			name = Release;
		};
		78E0A6401E6D0C0700375AF2 /* Debug */ = {
			isa = XCBuildConfiguration;
			buildSettings = {
				CLANG_CXX_LIBRARY = "libc++";
				DEVELOPMENT_TEAM = RUDNP34A78;
				PRODUCT_NAME = "$(TARGET_NAME)";
			};
			name = Debug;
		};
		78E0A6411E6D0C0700375AF2 /* Release */ = {
			isa = XCBuildConfiguration;
			buildSettings = {
				CLANG_CXX_LIBRARY = "libc++";
				DEVELOPMENT_TEAM = RUDNP34A78;
				PRODUCT_NAME = "$(TARGET_NAME)";
			};
			name = Release;
		};
/* End XCBuildConfiguration section */

/* Begin XCConfigurationList section */
		78E0A6331E6D0C0700375AF2 /* Build configuration list for PBXProject "Algorithm" */ = {
			isa = XCConfigurationList;
			buildConfigurations = (
				78E0A63D1E6D0C0700375AF2 /* Debug */,
				78E0A63E1E6D0C0700375AF2 /* Release */,
			);
			defaultConfigurationIsVisible = 0;
			defaultConfigurationName = Release;
		};
		78E0A63F1E6D0C0700375AF2 /* Build configuration list for PBXNativeTarget "Algorithm" */ = {
			isa = XCConfigurationList;
			buildConfigurations = (
				78E0A6401E6D0C0700375AF2 /* Debug */,
				78E0A6411E6D0C0700375AF2 /* Release */,
			);
			defaultConfigurationIsVisible = 0;
			defaultConfigurationName = Release;
		};
/* End XCConfigurationList section */
	};
	rootObject = 78E0A6301E6D0C0700375AF2 /* Project object */;
}
